
Microsoft Visual Studio Solution File, Format Version 12.00
# Visual Studio Version 16
VisualStudioVersion = 16.0.29418.71
MinimumVisualStudioVersion = 10.0.40219.1
Project("{9A19103F-16F7-4668-BE54-9A1E7A4F7556}") = "Server", "Server\Server.csproj", "{E35A9F52-AA14-4657-ACA8-1CC05936D0F2}"
EndProject
Project("{9A19103F-16F7-4668-BE54-9A1E7A4F7556}") = "LibGit2Sharp", "X:\libgit2sharp\LibGit2Sharp\LibGit2Sharp.csproj", "{51425CFD-6665-4866-8366-2EFD01144FD9}"
EndProject
Global
	GlobalSection(SolutionConfigurationPlatforms) = preSolution
		Debug|Any CPU = Debug|Any CPU
		Release|Any CPU = Release|Any CPU
	EndGlobalSection
	GlobalSection(ProjectConfigurationPlatforms) = postSolution
		{E35A9F52-AA14-4657-ACA8-1CC05936D0F2}.Debug|Any CPU.ActiveCfg = Debug|Any CPU
		{E35A9F52-AA14-4657-ACA8-1CC05936D0F2}.Debug|Any CPU.Build.0 = Debug|Any CPU
		{E35A9F52-AA14-4657-ACA8-1CC05936D0F2}.Release|Any CPU.ActiveCfg = Release|Any CPU
		{E35A9F52-AA14-4657-ACA8-1CC05936D0F2}.Release|Any CPU.Build.0 = Release|Any CPU
		{51425CFD-6665-4866-8366-2EFD01144FD9}.Debug|Any CPU.ActiveCfg = Debug|Any CPU
		{51425CFD-6665-4866-8366-2EFD01144FD9}.Debug|Any CPU.Build.0 = Debug|Any CPU
		{51425CFD-6665-4866-8366-2EFD01144FD9}.Release|Any CPU.ActiveCfg = Release|Any CPU
		{51425CFD-6665-4866-8366-2EFD01144FD9}.Release|Any CPU.Build.0 = Release|Any CPU
	EndGlobalSection
	GlobalSection(SolutionProperties) = preSolution
		HideSolutionNode = FALSE
	EndGlobalSection
	GlobalSection(ExtensibilityGlobals) = postSolution
		SolutionGuid = {E1680C73-7C8B-40F2-A4D9-0354A4291692}
	EndGlobalSection
EndGlobal
